// !$*UTF8*$!
{
	archiveVersion = 1;
	classes = {
	};
	objectVersion = 46;
	objects = {

/* Begin PBXBuildFile section */
		35648ECB1F42E6760058768F /* AppDelegate.swift in Sources */ = {isa = PBXBuildFile; fileRef = 35648ECA1F42E6760058768F /* AppDelegate.swift */; };
		35648ECD1F42E6760058768F /* ViewController.swift in Sources */ = {isa = PBXBuildFile; fileRef = 35648ECC1F42E6760058768F /* ViewController.swift */; };
		35648ED01F42E6760058768F /* Main.storyboard in Resources */ = {isa = PBXBuildFile; fileRef = 35648ECE1F42E6760058768F /* Main.storyboard */; };
		35648ED21F42E6760058768F /* Assets.xcassets in Resources */ = {isa = PBXBuildFile; fileRef = 35648ED11F42E6760058768F /* Assets.xcassets */; };
		35648ED51F42E6760058768F /* LaunchScreen.storyboard in Resources */ = {isa = PBXBuildFile; fileRef = 35648ED31F42E6760058768F /* LaunchScreen.storyboard */; };
		35648EE01F42E6760058768F /* Mosaic__________Tests.swift in Sources */ = {isa = PBXBuildFile; fileRef = 35648EDF1F42E6760058768F /* Mosaic__________Tests.swift */; };
		35648EEB1F42E6760058768F /* Mosaic__________UITests.swift in Sources */ = {isa = PBXBuildFile; fileRef = 35648EEA1F42E6760058768F /* Mosaic__________UITests.swift */; };
/* End PBXBuildFile section */

/* Begin PBXContainerItemProxy section */
		35648EDC1F42E6760058768F /* PBXContainerItemProxy */ = {
			isa = PBXContainerItemProxy;
			containerPortal = 35648EBF1F42E6760058768F /* Project object */;
			proxyType = 1;
			remoteGlobalIDString = 35648EC61F42E6760058768F;
			remoteInfo = "Mosaic - موزاییک";
		};
		35648EE71F42E6760058768F /* PBXContainerItemProxy */ = {
			isa = PBXContainerItemProxy;
			containerPortal = 35648EBF1F42E6760058768F /* Project object */;
			proxyType = 1;
			remoteGlobalIDString = 35648EC61F42E6760058768F;
			remoteInfo = "Mosaic - موزاییک";
		};
/* End PBXContainerItemProxy section */

/* Begin PBXFileReference section */
		35648EC71F42E6760058768F /* Mosaic - موزاییک.app */ = {isa = PBXFileReference; explicitFileType = wrapper.application; includeInIndex = 0; path = "Mosaic - موزاییک.app"; sourceTree = BUILT_PRODUCTS_DIR; };
		35648ECA1F42E6760058768F /* AppDelegate.swift */ = {isa = PBXFileReference; lastKnownFileType = sourcecode.swift; path = AppDelegate.swift; sourceTree = "<group>"; };
		35648ECC1F42E6760058768F /* ViewController.swift */ = {isa = PBXFileReference; lastKnownFileType = sourcecode.swift; path = ViewController.swift; sourceTree = "<group>"; };
		35648ECF1F42E6760058768F /* Base */ = {isa = PBXFileReference; lastKnownFileType = file.storyboard; name = Base; path = Base.lproj/Main.storyboard; sourceTree = "<group>"; };
		35648ED11F42E6760058768F /* Assets.xcassets */ = {isa = PBXFileReference; lastKnownFileType = folder.assetcatalog; path = Assets.xcassets; sourceTree = "<group>"; };
		35648ED41F42E6760058768F /* Base */ = {isa = PBXFileReference; lastKnownFileType = file.storyboard; name = Base; path = Base.lproj/LaunchScreen.storyboard; sourceTree = "<group>"; };
		35648ED61F42E6760058768F /* Info.plist */ = {isa = PBXFileReference; lastKnownFileType = text.plist.xml; path = Info.plist; sourceTree = "<group>"; };
		35648EDB1F42E6760058768F /* Mosaic - موزاییکTests.xctest */ = {isa = PBXFileReference; explicitFileType = wrapper.cfbundle; includeInIndex = 0; path = "Mosaic - موزاییکTests.xctest"; sourceTree = BUILT_PRODUCTS_DIR; };
		35648EDF1F42E6760058768F /* Mosaic__________Tests.swift */ = {isa = PBXFileReference; lastKnownFileType = sourcecode.swift; path = "Mosaic__________Tests.swift"; sourceTree = "<group>"; };
		35648EE11F42E6760058768F /* Info.plist */ = {isa = PBXFileReference; lastKnownFileType = text.plist.xml; path = Info.plist; sourceTree = "<group>"; };
		35648EE61F42E6760058768F /* Mosaic - موزاییکUITests.xctest */ = {isa = PBXFileReference; explicitFileType = wrapper.cfbundle; includeInIndex = 0; path = "Mosaic - موزاییکUITests.xctest"; sourceTree = BUILT_PRODUCTS_DIR; };
		35648EEA1F42E6760058768F /* Mosaic__________UITests.swift */ = {isa = PBXFileReference; lastKnownFileType = sourcecode.swift; path = "Mosaic__________UITests.swift"; sourceTree = "<group>"; };
		35648EEC1F42E6760058768F /* Info.plist */ = {isa = PBXFileReference; lastKnownFileType = text.plist.xml; path = Info.plist; sourceTree = "<group>"; };
/* End PBXFileReference section */

/* Begin PBXFrameworksBuildPhase section */
		35648EC41F42E6760058768F /* Frameworks */ = {
			isa = PBXFrameworksBuildPhase;
			buildActionMask = 2147483647;
			files = (
			);
			runOnlyForDeploymentPostprocessing = 0;
		};
		35648ED81F42E6760058768F /* Frameworks */ = {
			isa = PBXFrameworksBuildPhase;
			buildActionMask = 2147483647;
			files = (
			);
			runOnlyForDeploymentPostprocessing = 0;
		};
		35648EE31F42E6760058768F /* Frameworks */ = {
			isa = PBXFrameworksBuildPhase;
			buildActionMask = 2147483647;
			files = (
			);
			runOnlyForDeploymentPostprocessing = 0;
		};
/* End PBXFrameworksBuildPhase section */

/* Begin PBXGroup section */
		35648EBE1F42E6760058768F = {
			isa = PBXGroup;
			children = (
				35648EC91F42E6760058768F /* Mosaic - موزاییک */,
				35648EDE1F42E6760058768F /* Mosaic - موزاییکTests */,
				35648EE91F42E6760058768F /* Mosaic - موزاییکUITests */,
				35648EC81F42E6760058768F /* Products */,
			);
			sourceTree = "<group>";
		};
		35648EC81F42E6760058768F /* Products */ = {
			isa = PBXGroup;
			children = (
				35648EC71F42E6760058768F /* Mosaic - موزاییک.app */,
				35648EDB1F42E6760058768F /* Mosaic - موزاییکTests.xctest */,
				35648EE61F42E6760058768F /* Mosaic - موزاییکUITests.xctest */,
			);
			name = Products;
			sourceTree = "<group>";
		};
		35648EC91F42E6760058768F /* Mosaic - موزاییک */ = {
			isa = PBXGroup;
			children = (
				35648ECA1F42E6760058768F /* AppDelegate.swift */,
				35648ECC1F42E6760058768F /* ViewController.swift */,
				35648ECE1F42E6760058768F /* Main.storyboard */,
				35648ED11F42E6760058768F /* Assets.xcassets */,
				35648ED31F42E6760058768F /* LaunchScreen.storyboard */,
				35648ED61F42E6760058768F /* Info.plist */,
			);
			path = "Mosaic - موزاییک";
			sourceTree = "<group>";
		};
		35648EDE1F42E6760058768F /* Mosaic - موزاییکTests */ = {
			isa = PBXGroup;
			children = (
				35648EDF1F42E6760058768F /* Mosaic__________Tests.swift */,
				35648EE11F42E6760058768F /* Info.plist */,
			);
			path = "Mosaic - موزاییکTests";
			sourceTree = "<group>";
		};
		35648EE91F42E6760058768F /* Mosaic - موزاییکUITests */ = {
			isa = PBXGroup;
			children = (
				35648EEA1F42E6760058768F /* Mosaic__________UITests.swift */,
				35648EEC1F42E6760058768F /* Info.plist */,
			);
			path = "Mosaic - موزاییکUITests";
			sourceTree = "<group>";
		};
/* End PBXGroup section */

/* Begin PBXNativeTarget section */
		35648EC61F42E6760058768F /* Mosaic - موزاییک */ = {
			isa = PBXNativeTarget;
			buildConfigurationList = 35648EEF1F42E6760058768F /* Build configuration list for PBXNativeTarget "Mosaic - موزاییک" */;
			buildPhases = (
				35648EC31F42E6760058768F /* Sources */,
				35648EC41F42E6760058768F /* Frameworks */,
				35648EC51F42E6760058768F /* Resources */,
			);
			buildRules = (
			);
			dependencies = (
			);
			name = "Mosaic - موزاییک";
			productName = "Mosaic - موزاییک";
			productReference = 35648EC71F42E6760058768F /* Mosaic - موزاییک.app */;
			productType = "com.apple.product-type.application";
		};
		35648EDA1F42E6760058768F /* Mosaic - موزاییکTests */ = {
			isa = PBXNativeTarget;
			buildConfigurationList = 35648EF21F42E6760058768F /* Build configuration list for PBXNativeTarget "Mosaic - موزاییکTests" */;
			buildPhases = (
				35648ED71F42E6760058768F /* Sources */,
				35648ED81F42E6760058768F /* Frameworks */,
				35648ED91F42E6760058768F /* Resources */,
			);
			buildRules = (
			);
			dependencies = (
				35648EDD1F42E6760058768F /* PBXTargetDependency */,
			);
			name = "Mosaic - موزاییکTests";
			productName = "Mosaic - موزاییکTests";
			productReference = 35648EDB1F42E6760058768F /* Mosaic - موزاییکTests.xctest */;
			productType = "com.apple.product-type.bundle.unit-test";
		};
		35648EE51F42E6760058768F /* Mosaic - موزاییکUITests */ = {
			isa = PBXNativeTarget;
			buildConfigurationList = 35648EF51F42E6760058768F /* Build configuration list for PBXNativeTarget "Mosaic - موزاییکUITests" */;
			buildPhases = (
				35648EE21F42E6760058768F /* Sources */,
				35648EE31F42E6760058768F /* Frameworks */,
				35648EE41F42E6760058768F /* Resources */,
			);
			buildRules = (
			);
			dependencies = (
				35648EE81F42E6760058768F /* PBXTargetDependency */,
			);
			name = "Mosaic - موزاییکUITests";
			productName = "Mosaic - موزاییکUITests";
			productReference = 35648EE61F42E6760058768F /* Mosaic - موزاییکUITests.xctest */;
			productType = "com.apple.product-type.bundle.ui-testing";
		};
/* End PBXNativeTarget section */

/* Begin PBXProject section */
		35648EBF1F42E6760058768F /* Project object */ = {
			isa = PBXProject;
			attributes = {
				LastSwiftUpdateCheck = 0830;
				LastUpgradeCheck = 0830;
				ORGANIZATIONNAME = "Danoosh Chamani";
				TargetAttributes = {
					35648EC61F42E6760058768F = {
						CreatedOnToolsVersion = 8.3.3;
						DevelopmentTeam = WGP7ZR3MEM;
						ProvisioningStyle = Automatic;
					};
					35648EDA1F42E6760058768F = {
						CreatedOnToolsVersion = 8.3.3;
						DevelopmentTeam = WGP7ZR3MEM;
						ProvisioningStyle = Automatic;
						TestTargetID = 35648EC61F42E6760058768F;
					};
					35648EE51F42E6760058768F = {
						CreatedOnToolsVersion = 8.3.3;
						DevelopmentTeam = WGP7ZR3MEM;
						ProvisioningStyle = Automatic;
						TestTargetID = 35648EC61F42E6760058768F;
					};
				};
			};
			buildConfigurationList = 35648EC21F42E6760058768F /* Build configuration list for PBXProject "Mosaic - موزاییک" */;
			compatibilityVersion = "Xcode 3.2";
			developmentRegion = English;
			hasScannedForEncodings = 0;
			knownRegions = (
				en,
				Base,
			);
			mainGroup = 35648EBE1F42E6760058768F;
			productRefGroup = 35648EC81F42E6760058768F /* Products */;
			projectDirPath = "";
			projectRoot = "";
			targets = (
				35648EC61F42E6760058768F /* Mosaic - موزاییک */,
				35648EDA1F42E6760058768F /* Mosaic - موزاییکTests */,
				35648EE51F42E6760058768F /* Mosaic - موزاییکUITests */,
			);
		};
/* End PBXProject section */

/* Begin PBXResourcesBuildPhase section */
		35648EC51F42E6760058768F /* Resources */ = {
			isa = PBXResourcesBuildPhase;
			buildActionMask = 2147483647;
			files = (
				35648ED51F42E6760058768F /* LaunchScreen.storyboard in Resources */,
				35648ED21F42E6760058768F /* Assets.xcassets in Resources */,
				35648ED01F42E6760058768F /* Main.storyboard in Resources */,
			);
			runOnlyForDeploymentPostprocessing = 0;
		};
		35648ED91F42E6760058768F /* Resources */ = {
			isa = PBXResourcesBuildPhase;
			buildActionMask = 2147483647;
			files = (
			);
			runOnlyForDeploymentPostprocessing = 0;
		};
		35648EE41F42E6760058768F /* Resources */ = {
			isa = PBXResourcesBuildPhase;
			buildActionMask = 2147483647;
			files = (
			);
			runOnlyForDeploymentPostprocessing = 0;
		};
/* End PBXResourcesBuildPhase section */

/* Begin PBXSourcesBuildPhase section */
		35648EC31F42E6760058768F /* Sources */ = {
			isa = PBXSourcesBuildPhase;
			buildActionMask = 2147483647;
			files = (
				35648ECD1F42E6760058768F /* ViewController.swift in Sources */,
				35648ECB1F42E6760058768F /* AppDelegate.swift in Sources */,
			);
			runOnlyForDeploymentPostprocessing = 0;
		};
		35648ED71F42E6760058768F /* Sources */ = {
			isa = PBXSourcesBuildPhase;
			buildActionMask = 2147483647;
			files = (
				35648EE01F42E6760058768F /* Mosaic__________Tests.swift in Sources */,
			);
			runOnlyForDeploymentPostprocessing = 0;
		};
		35648EE21F42E6760058768F /* Sources */ = {
			isa = PBXSourcesBuildPhase;
			buildActionMask = 2147483647;
			files = (
				35648EEB1F42E6760058768F /* Mosaic__________UITests.swift in Sources */,
			);
			runOnlyForDeploymentPostprocessing = 0;
		};
/* End PBXSourcesBuildPhase section */

/* Begin PBXTargetDependency section */
		35648EDD1F42E6760058768F /* PBXTargetDependency */ = {
			isa = PBXTargetDependency;
			target = 35648EC61F42E6760058768F /* Mosaic - موزاییک */;
			targetProxy = 35648EDC1F42E6760058768F /* PBXContainerItemProxy */;
		};
		35648EE81F42E6760058768F /* PBXTargetDependency */ = {
			isa = PBXTargetDependency;
			target = 35648EC61F42E6760058768F /* Mosaic - موزاییک */;
			targetProxy = 35648EE71F42E6760058768F /* PBXContainerItemProxy */;
		};
/* End PBXTargetDependency section */

/* Begin PBXVariantGroup section */
		35648ECE1F42E6760058768F /* Main.storyboard */ = {
			isa = PBXVariantGroup;
			children = (
				35648ECF1F42E6760058768F /* Base */,
			);
			name = Main.storyboard;
			sourceTree = "<group>";
		};
		35648ED31F42E6760058768F /* LaunchScreen.storyboard */ = {
			isa = PBXVariantGroup;
			children = (
				35648ED41F42E6760058768F /* Base */,
			);
			name = LaunchScreen.storyboard;
			sourceTree = "<group>";
		};
/* End PBXVariantGroup section */

/* Begin XCBuildConfiguration section */
		35648EED1F42E6760058768F /* Debug */ = {
			isa = XCBuildConfiguration;
			buildSettings = {
				ALWAYS_SEARCH_USER_PATHS = NO;
				CLANG_ANALYZER_NONNULL = YES;
				CLANG_ANALYZER_NUMBER_OBJECT_CONVERSION = YES_AGGRESSIVE;
				CLANG_CXX_LANGUAGE_STANDARD = "gnu++0x";
				CLANG_CXX_LIBRARY = "libc++";
				CLANG_ENABLE_MODULES = YES;
				CLANG_ENABLE_OBJC_ARC = YES;
				CLANG_WARN_BOOL_CONVERSION = YES;
				CLANG_WARN_CONSTANT_CONVERSION = YES;
				CLANG_WARN_DIRECT_OBJC_ISA_USAGE = YES_ERROR;
				CLANG_WARN_DOCUMENTATION_COMMENTS = YES;
				CLANG_WARN_EMPTY_BODY = YES;
				CLANG_WARN_ENUM_CONVERSION = YES;
				CLANG_WARN_INFINITE_RECURSION = YES;
				CLANG_WARN_INT_CONVERSION = YES;
				CLANG_WARN_OBJC_ROOT_CLASS = YES_ERROR;
				CLANG_WARN_SUSPICIOUS_MOVE = YES;
				CLANG_WARN_UNREACHABLE_CODE = YES;
				CLANG_WARN__DUPLICATE_METHOD_MATCH = YES;
				"CODE_SIGN_IDENTITY[sdk=iphoneos*]" = "iPhone Developer";
				COPY_PHASE_STRIP = NO;
				DEBUG_INFORMATION_FORMAT = dwarf;
				ENABLE_STRICT_OBJC_MSGSEND = YES;
				ENABLE_TESTABILITY = YES;
				GCC_C_LANGUAGE_STANDARD = gnu99;
				GCC_DYNAMIC_NO_PIC = NO;
				GCC_NO_COMMON_BLOCKS = YES;
				GCC_OPTIMIZATION_LEVEL = 0;
				GCC_PREPROCESSOR_DEFINITIONS = (
					"DEBUG=1",
					"$(inherited)",
				);
				GCC_WARN_64_TO_32_BIT_CONVERSION = YES;
				GCC_WARN_ABOUT_RETURN_TYPE = YES_ERROR;
				GCC_WARN_UNDECLARED_SELECTOR = YES;
				GCC_WARN_UNINITIALIZED_AUTOS = YES_AGGRESSIVE;
				GCC_WARN_UNUSED_FUNCTION = YES;
				GCC_WARN_UNUSED_VARIABLE = YES;
				IPHONEOS_DEPLOYMENT_TARGET = 10.3;
				MTL_ENABLE_DEBUG_INFO = YES;
				ONLY_ACTIVE_ARCH = YES;
				SDKROOT = iphoneos;
				SWIFT_ACTIVE_COMPILATION_CONDITIONS = DEBUG;
				SWIFT_OPTIMIZATION_LEVEL = "-Onone";
			};
			name = Debug;
		};
		35648EEE1F42E6760058768F /* Release */ = {
			isa = XCBuildConfiguration;
			buildSettings = {
				ALWAYS_SEARCH_USER_PATHS = NO;
				CLANG_ANALYZER_NONNULL = YES;
				CLANG_ANALYZER_NUMBER_OBJECT_CONVERSION = YES_AGGRESSIVE;
				CLANG_CXX_LANGUAGE_STANDARD = "gnu++0x";
				CLANG_CXX_LIBRARY = "libc++";
				CLANG_ENABLE_MODULES = YES;
				CLANG_ENABLE_OBJC_ARC = YES;
				CLANG_WARN_BOOL_CONVERSION = YES;
				CLANG_WARN_CONSTANT_CONVERSION = YES;
				CLANG_WARN_DIRECT_OBJC_ISA_USAGE = YES_ERROR;
				CLANG_WARN_DOCUMENTATION_COMMENTS = YES;
				CLANG_WARN_EMPTY_BODY = YES;
				CLANG_WARN_ENUM_CONVERSION = YES;
				CLANG_WARN_INFINITE_RECURSION = YES;
				CLANG_WARN_INT_CONVERSION = YES;
				CLANG_WARN_OBJC_ROOT_CLASS = YES_ERROR;
				CLANG_WARN_SUSPICIOUS_MOVE = YES;
				CLANG_WARN_UNREACHABLE_CODE = YES;
				CLANG_WARN__DUPLICATE_METHOD_MATCH = YES;
				"CODE_SIGN_IDENTITY[sdk=iphoneos*]" = "iPhone Developer";
				COPY_PHASE_STRIP = NO;
				DEBUG_INFORMATION_FORMAT = "dwarf-with-dsym";
				ENABLE_NS_ASSERTIONS = NO;
				ENABLE_STRICT_OBJC_MSGSEND = YES;
				GCC_C_LANGUAGE_STANDARD = gnu99;
				GCC_NO_COMMON_BLOCKS = YES;
				GCC_WARN_64_TO_32_BIT_CONVERSION = YES;
				GCC_WARN_ABOUT_RETURN_TYPE = YES_ERROR;
				GCC_WARN_UNDECLARED_SELECTOR = YES;
				GCC_WARN_UNINITIALIZED_AUTOS = YES_AGGRESSIVE;
				GCC_WARN_UNUSED_FUNCTION = YES;
				GCC_WARN_UNUSED_VARIABLE = YES;
				IPHONEOS_DEPLOYMENT_TARGET = 10.3;
				MTL_ENABLE_DEBUG_INFO = NO;
				SDKROOT = iphoneos;
				SWIFT_OPTIMIZATION_LEVEL = "-Owholemodule";
				VALIDATE_PRODUCT = YES;
			};
			name = Release;
		};
		35648EF01F42E6760058768F /* Debug */ = {
			isa = XCBuildConfiguration;
			buildSettings = {
				ASSETCATALOG_COMPILER_APPICON_NAME = AppIcon;
				DEVELOPMENT_TEAM = WGP7ZR3MEM;
				INFOPLIST_FILE = "Mosaic - موزاییک/Info.plist";
				IPHONEOS_DEPLOYMENT_TARGET = 9.0;
				LD_RUNPATH_SEARCH_PATHS = "$(inherited) @executable_path/Frameworks";
				PRODUCT_BUNDLE_IDENTIFIER = ir.Axaan.mosaic;
				PRODUCT_NAME = "$(TARGET_NAME)";
				SWIFT_VERSION = 3.0;
			};
			name = Debug;
		};
		35648EF11F42E6760058768F /* Release */ = {
			isa = XCBuildConfiguration;
			buildSettings = {
				ASSETCATALOG_COMPILER_APPICON_NAME = AppIcon;
				DEVELOPMENT_TEAM = WGP7ZR3MEM;
				INFOPLIST_FILE = "Mosaic - موزاییک/Info.plist";
				IPHONEOS_DEPLOYMENT_TARGET = 9.0;
				LD_RUNPATH_SEARCH_PATHS = "$(inherited) @executable_path/Frameworks";
				PRODUCT_BUNDLE_IDENTIFIER = ir.Axaan.mosaic;
				PRODUCT_NAME = "$(TARGET_NAME)";
				SWIFT_VERSION = 3.0;
			};
			name = Release;
		};
		35648EF31F42E6760058768F /* Debug */ = {
			isa = XCBuildConfiguration;
			buildSettings = {
				ALWAYS_EMBED_SWIFT_STANDARD_LIBRARIES = YES;
				BUNDLE_LOADER = "$(TEST_HOST)";
				DEVELOPMENT_TEAM = WGP7ZR3MEM;
				INFOPLIST_FILE = "Mosaic - موزاییکTests/Info.plist";
				LD_RUNPATH_SEARCH_PATHS = "$(inherited) @executable_path/Frameworks @loader_path/Frameworks";
				PRODUCT_BUNDLE_IDENTIFIER = "D.Chamani.Mosaic----------Tests";
				PRODUCT_NAME = "$(TARGET_NAME)";
				SWIFT_VERSION = 3.0;
				TEST_HOST = "$(BUILT_PRODUCTS_DIR)/Mosaic - موزاییک.app/Mosaic - موزاییک";
			};
			name = Debug;
		};
		35648EF41F42E6760058768F /* Release */ = {
			isa = XCBuildConfiguration;
			buildSettings = {
				ALWAYS_EMBED_SWIFT_STANDARD_LIBRARIES = YES;
				BUNDLE_LOADER = "$(TEST_HOST)";
				DEVELOPMENT_TEAM = WGP7ZR3MEM;
				INFOPLIST_FILE = "Mosaic - موزاییکTests/Info.plist";
				LD_RUNPATH_SEARCH_PATHS = "$(inherited) @executable_path/Frameworks @loader_path/Frameworks";
				PRODUCT_BUNDLE_IDENTIFIER = "D.Chamani.Mosaic----------Tests";
				PRODUCT_NAME = "$(TARGET_NAME)";
				SWIFT_VERSION = 3.0;
				TEST_HOST = "$(BUILT_PRODUCTS_DIR)/Mosaic - موزاییک.app/Mosaic - موزاییک";
			};
			name = Release;
		};
		35648EF61F42E6760058768F /* Debug */ = {
			isa = XCBuildConfiguration;
			buildSettings = {
				ALWAYS_EMBED_SWIFT_STANDARD_LIBRARIES = YES;
				DEVELOPMENT_TEAM = WGP7ZR3MEM;
				INFOPLIST_FILE = "Mosaic - موزاییکUITests/Info.plist";
				LD_RUNPATH_SEARCH_PATHS = "$(inherited) @executable_path/Frameworks @loader_path/Frameworks";
				PRODUCT_BUNDLE_IDENTIFIER = "D.Chamani.Mosaic----------UITests";
				PRODUCT_NAME = "$(TARGET_NAME)";
				SWIFT_VERSION = 3.0;
				TEST_TARGET_NAME = "Mosaic - موزاییک";
			};
			name = Debug;
		};
		35648EF71F42E6760058768F /* Release */ = {
			isa = XCBuildConfiguration;
			buildSettings = {
				ALWAYS_EMBED_SWIFT_STANDARD_LIBRARIES = YES;
				DEVELOPMENT_TEAM = WGP7ZR3MEM;
				INFOPLIST_FILE = "Mosaic - موزاییکUITests/Info.plist";
				LD_RUNPATH_SEARCH_PATHS = "$(inherited) @executable_path/Frameworks @loader_path/Frameworks";
				PRODUCT_BUNDLE_IDENTIFIER = "D.Chamani.Mosaic----------UITests";
				PRODUCT_NAME = "$(TARGET_NAME)";
				SWIFT_VERSION = 3.0;
				TEST_TARGET_NAME = "Mosaic - موزاییک";
			};
			name = Release;
		};
/* End XCBuildConfiguration section */

/* Begin XCConfigurationList section */
		35648EC21F42E6760058768F /* Build configuration list for PBXProject "Mosaic - موزاییک" */ = {
			isa = XCConfigurationList;
			buildConfigurations = (
				35648EED1F42E6760058768F /* Debug */,
				35648EEE1F42E6760058768F /* Release */,
			);
			defaultConfigurationIsVisible = 0;
			defaultConfigurationName = Release;
		};
		35648EEF1F42E6760058768F /* Build configuration list for PBXNativeTarget "Mosaic - موزاییک" */ = {
			isa = XCConfigurationList;
			buildConfigurations = (
				35648EF01F42E6760058768F /* Debug */,
				35648EF11F42E6760058768F /* Release */,
			);
			defaultConfigurationIsVisible = 0;
		};
		35648EF21F42E6760058768F /* Build configuration list for PBXNativeTarget "Mosaic - موزاییکTests" */ = {
			isa = XCConfigurationList;
			buildConfigurations = (
				35648EF31F42E6760058768F /* Debug */,
				35648EF41F42E6760058768F /* Release */,
			);
			defaultConfigurationIsVisible = 0;
		};
		35648EF51F42E6760058768F /* Build configuration list for PBXNativeTarget "Mosaic - موزاییکUITests" */ = {
			isa = XCConfigurationList;
			buildConfigurations = (
				35648EF61F42E6760058768F /* Debug */,
				35648EF71F42E6760058768F /* Release */,
			);
			defaultConfigurationIsVisible = 0;
		};
/* End XCConfigurationList section */
	};
	rootObject = 35648EBF1F42E6760058768F /* Project object */;
}
